
Microsoft Visual Studio Solution File, Format Version 12.00
# Visual Studio Version 17
VisualStudioVersion = 17.4.33205.214
MinimumVisualStudioVersion = 10.0.40219.1
Project("{9A19103F-16F7-4668-BE54-9A1E7A4F7556}") = "IMS.WebApp", "IMS.WebApp\IMS.WebApp.csproj", "{6F46EE68-D55B-482B-851B-109BBCC8E99B}"
EndProject
Project("{9A19103F-16F7-4668-BE54-9A1E7A4F7556}") = "IMS.UseCases", "IMS.UseCases\IMS.UseCases.csproj", "{D087A20A-3F1C-4095-BC38-A5EABBEA0820}"
EndProject
Project("{9A19103F-16F7-4668-BE54-9A1E7A4F7556}") = "IMS.CoreBusiness", "IMS.CoreBusiness\IMS.CoreBusiness.csproj", "{C74533BC-1D01-465D-8CFB-D8475CF3F145}"
EndProject
Project("{2150E333-8FDC-42A3-9474-1A3956D46DE8}") = "IMS.Plugins", "IMS.Plugins", "{177FA5D5-14B3-4B4C-BA0B-86C406EDE1CE}"
EndProject
Project("{9A19103F-16F7-4668-BE54-9A1E7A4F7556}") = "IMS.Plugins.InMemory", "IMS.Plugins.InMemory\IMS.Plugins.InMemory.csproj", "{6073244C-B9AF-4680-8383-DDC7EBACBA7C}"
EndProject
Global
	GlobalSection(SolutionConfigurationPlatforms) = preSolution
		Debug|Any CPU = Debug|Any CPU
		Release|Any CPU = Release|Any CPU
	EndGlobalSection
	GlobalSection(ProjectConfigurationPlatforms) = postSolution
		{6F46EE68-D55B-482B-851B-109BBCC8E99B}.Debug|Any CPU.ActiveCfg = Debug|Any CPU
		{6F46EE68-D55B-482B-851B-109BBCC8E99B}.Debug|Any CPU.Build.0 = Debug|Any CPU
		{6F46EE68-D55B-482B-851B-109BBCC8E99B}.Release|Any CPU.ActiveCfg = Release|Any CPU
		{6F46EE68-D55B-482B-851B-109BBCC8E99B}.Release|Any CPU.Build.0 = Release|Any CPU
		{D087A20A-3F1C-4095-BC38-A5EABBEA0820}.Debug|Any CPU.ActiveCfg = Debug|Any CPU
		{D087A20A-3F1C-4095-BC38-A5EABBEA0820}.Debug|Any CPU.Build.0 = Debug|Any CPU
		{D087A20A-3F1C-4095-BC38-A5EABBEA0820}.Release|Any CPU.ActiveCfg = Release|Any CPU
		{D087A20A-3F1C-4095-BC38-A5EABBEA0820}.Release|Any CPU.Build.0 = Release|Any CPU
		{C74533BC-1D01-465D-8CFB-D8475CF3F145}.Debug|Any CPU.ActiveCfg = Debug|Any CPU
		{C74533BC-1D01-465D-8CFB-D8475CF3F145}.Debug|Any CPU.Build.0 = Debug|Any CPU
		{C74533BC-1D01-465D-8CFB-D8475CF3F145}.Release|Any CPU.ActiveCfg = Release|Any CPU
		{C74533BC-1D01-465D-8CFB-D8475CF3F145}.Release|Any CPU.Build.0 = Release|Any CPU
		{6073244C-B9AF-4680-8383-DDC7EBACBA7C}.Debug|Any CPU.ActiveCfg = Debug|Any CPU
		{6073244C-B9AF-4680-8383-DDC7EBACBA7C}.Debug|Any CPU.Build.0 = Debug|Any CPU
		{6073244C-B9AF-4680-8383-DDC7EBACBA7C}.Release|Any CPU.ActiveCfg = Release|Any CPU
		{6073244C-B9AF-4680-8383-DDC7EBACBA7C}.Release|Any CPU.Build.0 = Release|Any CPU
	EndGlobalSection
	GlobalSection(SolutionProperties) = preSolution
		HideSolutionNode = FALSE
	EndGlobalSection
	GlobalSection(NestedProjects) = preSolution
		{6073244C-B9AF-4680-8383-DDC7EBACBA7C} = {177FA5D5-14B3-4B4C-BA0B-86C406EDE1CE}
	EndGlobalSection
	GlobalSection(ExtensibilityGlobals) = postSolution
		SolutionGuid = {6EA37542-84AE-40AD-A204-4A1DE393E6F0}
	EndGlobalSection
EndGlobal
